// !$*UTF8*$!
{
	archiveVersion = 1;
	classes = {
	};
	objectVersion = 51;
	objects = {

/* Begin PBXBuildFile section */
		603149382687F6A500D7DD85 /* MoMemory_Photo_Gallery_CleanerApp.swift in Sources */ = {isa = PBXBuildFile; fileRef = 603149372687F6A500D7DD85 /* MoMemory_Photo_Gallery_CleanerApp.swift */; };
		6031493A2687F6A500D7DD85 /* ContentView.swift in Sources */ = {isa = PBXBuildFile; fileRef = 603149392687F6A500D7DD85 /* ContentView.swift */; };
		6031493C2687F6A600D7DD85 /* Assets.xcassets in Resources */ = {isa = PBXBuildFile; fileRef = 6031493B2687F6A600D7DD85 /* Assets.xcassets */; };
		6031493F2687F6A600D7DD85 /* Preview Assets.xcassets in Resources */ = {isa = PBXBuildFile; fileRef = 6031493E2687F6A600D7DD85 /* Preview Assets.xcassets */; };
		603149472688328900D7DD85 /* Card.swift in Sources */ = {isa = PBXBuildFile; fileRef = 603149462688328900D7DD85 /* Card.swift */; };
		60B331EF268FC3E6007313A6 /* MainMenu.swift in Sources */ = {isa = PBXBuildFile; fileRef = 60B331EE268FC3E6007313A6 /* MainMenu.swift */; };
		DC4C87C50565425991121B40 /* Pods_MoMemory_Photo_Gallery_Cleaner.framework in Frameworks */ = {isa = PBXBuildFile; fileRef = 8B25734B944260E198E41B3F /* Pods_MoMemory_Photo_Gallery_Cleaner.framework */; };
/* End PBXBuildFile section */

/* Begin PBXFileReference section */
		35967FC4D65D4C78674593AC /* Pods-MoMemory Photo Gallery Cleaner.release.xcconfig */ = {isa = PBXFileReference; includeInIndex = 1; lastKnownFileType = text.xcconfig; name = "Pods-MoMemory Photo Gallery Cleaner.release.xcconfig"; path = "Target Support Files/Pods-MoMemory Photo Gallery Cleaner/Pods-MoMemory Photo Gallery Cleaner.release.xcconfig"; sourceTree = "<group>"; };
		603149342687F6A500D7DD85 /* MoMemory Photo Gallery Cleaner.app */ = {isa = PBXFileReference; explicitFileType = wrapper.application; includeInIndex = 0; path = "MoMemory Photo Gallery Cleaner.app"; sourceTree = BUILT_PRODUCTS_DIR; };
		603149372687F6A500D7DD85 /* MoMemory_Photo_Gallery_CleanerApp.swift */ = {isa = PBXFileReference; lastKnownFileType = sourcecode.swift; path = MoMemory_Photo_Gallery_CleanerApp.swift; sourceTree = "<group>"; };
		603149392687F6A500D7DD85 /* ContentView.swift */ = {isa = PBXFileReference; lastKnownFileType = sourcecode.swift; path = ContentView.swift; sourceTree = "<group>"; };
		6031493B2687F6A600D7DD85 /* Assets.xcassets */ = {isa = PBXFileReference; lastKnownFileType = folder.assetcatalog; path = Assets.xcassets; sourceTree = "<group>"; };
		6031493E2687F6A600D7DD85 /* Preview Assets.xcassets */ = {isa = PBXFileReference; lastKnownFileType = folder.assetcatalog; path = "Preview Assets.xcassets"; sourceTree = "<group>"; };
		603149402687F6A600D7DD85 /* Info.plist */ = {isa = PBXFileReference; lastKnownFileType = text.plist.xml; path = Info.plist; sourceTree = "<group>"; };
		603149462688328900D7DD85 /* Card.swift */ = {isa = PBXFileReference; fileEncoding = 4; lastKnownFileType = sourcecode.swift; path = Card.swift; sourceTree = "<group>"; };
		60B331EE268FC3E6007313A6 /* MainMenu.swift */ = {isa = PBXFileReference; lastKnownFileType = sourcecode.swift; path = MainMenu.swift; sourceTree = "<group>"; };
		8B25734B944260E198E41B3F /* Pods_MoMemory_Photo_Gallery_Cleaner.framework */ = {isa = PBXFileReference; explicitFileType = wrapper.framework; includeInIndex = 0; path = Pods_MoMemory_Photo_Gallery_Cleaner.framework; sourceTree = BUILT_PRODUCTS_DIR; };
		F772BB0C60FD6BB4794AA739 /* Pods-MoMemory Photo Gallery Cleaner.debug.xcconfig */ = {isa = PBXFileReference; includeInIndex = 1; lastKnownFileType = text.xcconfig; name = "Pods-MoMemory Photo Gallery Cleaner.debug.xcconfig"; path = "Target Support Files/Pods-MoMemory Photo Gallery Cleaner/Pods-MoMemory Photo Gallery Cleaner.debug.xcconfig"; sourceTree = "<group>"; };
/* End PBXFileReference section */

/* Begin PBXFrameworksBuildPhase section */
		603149312687F6A500D7DD85 /* Frameworks */ = {
			isa = PBXFrameworksBuildPhase;
			buildActionMask = 2147483647;
			files = (
				DC4C87C50565425991121B40 /* Pods_MoMemory_Photo_Gallery_Cleaner.framework in Frameworks */,
			);
			runOnlyForDeploymentPostprocessing = 0;
		};
/* End PBXFrameworksBuildPhase section */

/* Begin PBXGroup section */
		1608A3CFFBC2DAF20351B928 /* Frameworks */ = {
			isa = PBXGroup;
			children = (
				8B25734B944260E198E41B3F /* Pods_MoMemory_Photo_Gallery_Cleaner.framework */,
			);
			name = Frameworks;
			sourceTree = "<group>";
		};
		3ECD588D0A23F1650631BAAE /* Pods */ = {
			isa = PBXGroup;
			children = (
				F772BB0C60FD6BB4794AA739 /* Pods-MoMemory Photo Gallery Cleaner.debug.xcconfig */,
				35967FC4D65D4C78674593AC /* Pods-MoMemory Photo Gallery Cleaner.release.xcconfig */,
			);
			path = Pods;
			sourceTree = "<group>";
		};
		6031492B2687F6A500D7DD85 = {
			isa = PBXGroup;
			children = (
				603149362687F6A500D7DD85 /* MoMemory Photo Gallery Cleaner */,
				603149352687F6A500D7DD85 /* Products */,
				3ECD588D0A23F1650631BAAE /* Pods */,
				1608A3CFFBC2DAF20351B928 /* Frameworks */,
			);
			sourceTree = "<group>";
		};
		603149352687F6A500D7DD85 /* Products */ = {
			isa = PBXGroup;
			children = (
				603149342687F6A500D7DD85 /* MoMemory Photo Gallery Cleaner.app */,
			);
			name = Products;
			sourceTree = "<group>";
		};
		603149362687F6A500D7DD85 /* MoMemory Photo Gallery Cleaner */ = {
			isa = PBXGroup;
			children = (
				603149372687F6A500D7DD85 /* MoMemory_Photo_Gallery_CleanerApp.swift */,
				603149392687F6A500D7DD85 /* ContentView.swift */,
				60B331EE268FC3E6007313A6 /* MainMenu.swift */,
				603149462688328900D7DD85 /* Card.swift */,
				6031493B2687F6A600D7DD85 /* Assets.xcassets */,
				603149402687F6A600D7DD85 /* Info.plist */,
				6031493D2687F6A600D7DD85 /* Preview Content */,
			);
			path = "MoMemory Photo Gallery Cleaner";
			sourceTree = "<group>";
		};
		6031493D2687F6A600D7DD85 /* Preview Content */ = {
			isa = PBXGroup;
			children = (
				6031493E2687F6A600D7DD85 /* Preview Assets.xcassets */,
			);
			path = "Preview Content";
			sourceTree = "<group>";
		};
/* End PBXGroup section */

/* Begin PBXNativeTarget section */
		603149332687F6A500D7DD85 /* MoMemory Photo Gallery Cleaner */ = {
			isa = PBXNativeTarget;
			buildConfigurationList = 603149432687F6A600D7DD85 /* Build configuration list for PBXNativeTarget "MoMemory Photo Gallery Cleaner" */;
			buildPhases = (
				530AE65F347DC5DA65C09EE4 /* [CP] Check Pods Manifest.lock */,
				603149302687F6A500D7DD85 /* Sources */,
				603149312687F6A500D7DD85 /* Frameworks */,
				603149322687F6A500D7DD85 /* Resources */,
				E1A23104B6C73499E873E3AC /* [CP] Embed Pods Frameworks */,
			);
			buildRules = (
			);
			dependencies = (
			);
			name = "MoMemory Photo Gallery Cleaner";
			productName = "MoMemory Photo Gallery Cleaner";
			productReference = 603149342687F6A500D7DD85 /* MoMemory Photo Gallery Cleaner.app */;
			productType = "com.apple.product-type.application";
		};
/* End PBXNativeTarget section */

/* Begin PBXProject section */
		6031492C2687F6A500D7DD85 /* Project object */ = {
			isa = PBXProject;
			attributes = {
				LastSwiftUpdateCheck = 1250;
				LastUpgradeCheck = 1250;
				TargetAttributes = {
					603149332687F6A500D7DD85 = {
						CreatedOnToolsVersion = 12.5.1;
					};
				};
			};
			buildConfigurationList = 6031492F2687F6A500D7DD85 /* Build configuration list for PBXProject "MoMemory Photo Gallery Cleaner" */;
			compatibilityVersion = "Xcode 9.3";
			developmentRegion = en;
			hasScannedForEncodings = 0;
			knownRegions = (
				en,
				Base,
			);
			mainGroup = 6031492B2687F6A500D7DD85;
			productRefGroup = 603149352687F6A500D7DD85 /* Products */;
			projectDirPath = "";
			projectRoot = "";
			targets = (
				603149332687F6A500D7DD85 /* MoMemory Photo Gallery Cleaner */,
			);
		};
/* End PBXProject section */

/* Begin PBXResourcesBuildPhase section */
		603149322687F6A500D7DD85 /* Resources */ = {
			isa = PBXResourcesBuildPhase;
			buildActionMask = 2147483647;
			files = (
				6031493F2687F6A600D7DD85 /* Preview Assets.xcassets in Resources */,
				6031493C2687F6A600D7DD85 /* Assets.xcassets in Resources */,
			);
			runOnlyForDeploymentPostprocessing = 0;
		};
/* End PBXResourcesBuildPhase section */

/* Begin PBXShellScriptBuildPhase section */
		530AE65F347DC5DA65C09EE4 /* [CP] Check Pods Manifest.lock */ = {
			isa = PBXShellScriptBuildPhase;
			buildActionMask = 2147483647;
			files = (
			);
			inputFileListPaths = (
			);
			inputPaths = (
				"${PODS_PODFILE_DIR_PATH}/Podfile.lock",
				"${PODS_ROOT}/Manifest.lock",
			);
			name = "[CP] Check Pods Manifest.lock";
			outputFileListPaths = (
			);
			outputPaths = (
				"$(DERIVED_FILE_DIR)/Pods-MoMemory Photo Gallery Cleaner-checkManifestLockResult.txt",
			);
			runOnlyForDeploymentPostprocessing = 0;
			shellPath = /bin/sh;
			shellScript = "diff \"${PODS_PODFILE_DIR_PATH}/Podfile.lock\" \"${PODS_ROOT}/Manifest.lock\" > /dev/null\nif [ $? != 0 ] ; then\n    # print error to STDERR\n    echo \"error: The sandbox is not in sync with the Podfile.lock. Run 'pod install' or update your CocoaPods installation.\" >&2\n    exit 1\nfi\n# This output is used by Xcode 'outputs' to avoid re-running this script phase.\necho \"SUCCESS\" > \"${SCRIPT_OUTPUT_FILE_0}\"\n";
			showEnvVarsInLog = 0;
		};
		E1A23104B6C73499E873E3AC /* [CP] Embed Pods Frameworks */ = {
			isa = PBXShellScriptBuildPhase;
			buildActionMask = 2147483647;
			files = (
			);
			inputFileListPaths = (
				"${PODS_ROOT}/Target Support Files/Pods-MoMemory Photo Gallery Cleaner/Pods-MoMemory Photo Gallery Cleaner-frameworks-${CONFIGURATION}-input-files.xcfilelist",
			);
			name = "[CP] Embed Pods Frameworks";
			outputFileListPaths = (
				"${PODS_ROOT}/Target Support Files/Pods-MoMemory Photo Gallery Cleaner/Pods-MoMemory Photo Gallery Cleaner-frameworks-${CONFIGURATION}-output-files.xcfilelist",
			);
			runOnlyForDeploymentPostprocessing = 0;
			shellPath = /bin/sh;
			shellScript = "\"${PODS_ROOT}/Target Support Files/Pods-MoMemory Photo Gallery Cleaner/Pods-MoMemory Photo Gallery Cleaner-frameworks.sh\"\n";
			showEnvVarsInLog = 0;
		};
/* End PBXShellScriptBuildPhase section */

/* Begin PBXSourcesBuildPhase section */
		603149302687F6A500D7DD85 /* Sources */ = {
			isa = PBXSourcesBuildPhase;
			buildActionMask = 2147483647;
			files = (
				6031493A2687F6A500D7DD85 /* ContentView.swift in Sources */,
				603149472688328900D7DD85 /* Card.swift in Sources */,
				603149382687F6A500D7DD85 /* MoMemory_Photo_Gallery_CleanerApp.swift in Sources */,
				60B331EF268FC3E6007313A6 /* MainMenu.swift in Sources */,
			);
			runOnlyForDeploymentPostprocessing = 0;
		};
/* End PBXSourcesBuildPhase section */

/* Begin XCBuildConfiguration section */
		603149412687F6A600D7DD85 /* Debug */ = {
			isa = XCBuildConfiguration;
			buildSettings = {
				ALWAYS_SEARCH_USER_PATHS = NO;
				CLANG_ANALYZER_NONNULL = YES;
				CLANG_ANALYZER_NUMBER_OBJECT_CONVERSION = YES_AGGRESSIVE;
				CLANG_CXX_LANGUAGE_STANDARD = "gnu++14";
				CLANG_CXX_LIBRARY = "libc++";
				CLANG_ENABLE_MODULES = YES;
				CLANG_ENABLE_OBJC_ARC = YES;
				CLANG_ENABLE_OBJC_WEAK = YES;
				CLANG_WARN_BLOCK_CAPTURE_AUTORELEASING = YES;
				CLANG_WARN_BOOL_CONVERSION = YES;
				CLANG_WARN_COMMA = YES;
				CLANG_WARN_CONSTANT_CONVERSION = YES;
				CLANG_WARN_DEPRECATED_OBJC_IMPLEMENTATIONS = YES;
				CLANG_WARN_DIRECT_OBJC_ISA_USAGE = YES_ERROR;
				CLANG_WARN_DOCUMENTATION_COMMENTS = YES;
				CLANG_WARN_EMPTY_BODY = YES;
				CLANG_WARN_ENUM_CONVERSION = YES;
				CLANG_WARN_INFINITE_RECURSION = YES;
				CLANG_WARN_INT_CONVERSION = YES;
				CLANG_WARN_NON_LITERAL_NULL_CONVERSION = YES;
				CLANG_WARN_OBJC_IMPLICIT_RETAIN_SELF = YES;
				CLANG_WARN_OBJC_LITERAL_CONVERSION = YES;
				CLANG_WARN_OBJC_ROOT_CLASS = YES_ERROR;
				CLANG_WARN_QUOTED_INCLUDE_IN_FRAMEWORK_HEADER = YES;
				CLANG_WARN_RANGE_LOOP_ANALYSIS = YES;
				CLANG_WARN_STRICT_PROTOTYPES = YES;
				CLANG_WARN_SUSPICIOUS_MOVE = YES;
				CLANG_WARN_UNGUARDED_AVAILABILITY = YES_AGGRESSIVE;
				CLANG_WARN_UNREACHABLE_CODE = YES;
				CLANG_WARN__DUPLICATE_METHOD_MATCH = YES;
				COPY_PHASE_STRIP = NO;
				DEBUG_INFORMATION_FORMAT = dwarf;
				ENABLE_STRICT_OBJC_MSGSEND = YES;
				ENABLE_TESTABILITY = YES;
				GCC_C_LANGUAGE_STANDARD = gnu11;
				GCC_DYNAMIC_NO_PIC = NO;
				GCC_NO_COMMON_BLOCKS = YES;
				GCC_OPTIMIZATION_LEVEL = 0;
				GCC_PREPROCESSOR_DEFINITIONS = (
					"DEBUG=1",
					"$(inherited)",
				);
				GCC_WARN_64_TO_32_BIT_CONVERSION = YES;
				GCC_WARN_ABOUT_RETURN_TYPE = YES_ERROR;
				GCC_WARN_UNDECLARED_SELECTOR = YES;
				GCC_WARN_UNINITIALIZED_AUTOS = YES_AGGRESSIVE;
				GCC_WARN_UNUSED_FUNCTION = YES;
				GCC_WARN_UNUSED_VARIABLE = YES;
				IPHONEOS_DEPLOYMENT_TARGET = 14.5;
				MTL_ENABLE_DEBUG_INFO = INCLUDE_SOURCE;
				MTL_FAST_MATH = YES;
				ONLY_ACTIVE_ARCH = YES;
				SDKROOT = iphoneos;
				SWIFT_ACTIVE_COMPILATION_CONDITIONS = DEBUG;
				SWIFT_OPTIMIZATION_LEVEL = "-Onone";
			};
			name = Debug;
		};
		603149422687F6A600D7DD85 /* Release */ = {
			isa = XCBuildConfiguration;
			buildSettings = {
				ALWAYS_SEARCH_USER_PATHS = NO;
				CLANG_ANALYZER_NONNULL = YES;
				CLANG_ANALYZER_NUMBER_OBJECT_CONVERSION = YES_AGGRESSIVE;
				CLANG_CXX_LANGUAGE_STANDARD = "gnu++14";
				CLANG_CXX_LIBRARY = "libc++";
				CLANG_ENABLE_MODULES = YES;
				CLANG_ENABLE_OBJC_ARC = YES;
				CLANG_ENABLE_OBJC_WEAK = YES;
				CLANG_WARN_BLOCK_CAPTURE_AUTORELEASING = YES;
				CLANG_WARN_BOOL_CONVERSION = YES;
				CLANG_WARN_COMMA = YES;
				CLANG_WARN_CONSTANT_CONVERSION = YES;
				CLANG_WARN_DEPRECATED_OBJC_IMPLEMENTATIONS = YES;
				CLANG_WARN_DIRECT_OBJC_ISA_USAGE = YES_ERROR;
				CLANG_WARN_DOCUMENTATION_COMMENTS = YES;
				CLANG_WARN_EMPTY_BODY = YES;
				CLANG_WARN_ENUM_CONVERSION = YES;
				CLANG_WARN_INFINITE_RECURSION = YES;
				CLANG_WARN_INT_CONVERSION = YES;
				CLANG_WARN_NON_LITERAL_NULL_CONVERSION = YES;
				CLANG_WARN_OBJC_IMPLICIT_RETAIN_SELF = YES;
				CLANG_WARN_OBJC_LITERAL_CONVERSION = YES;
				CLANG_WARN_OBJC_ROOT_CLASS = YES_ERROR;
				CLANG_WARN_QUOTED_INCLUDE_IN_FRAMEWORK_HEADER = YES;
				CLANG_WARN_RANGE_LOOP_ANALYSIS = YES;
				CLANG_WARN_STRICT_PROTOTYPES = YES;
				CLANG_WARN_SUSPICIOUS_MOVE = YES;
				CLANG_WARN_UNGUARDED_AVAILABILITY = YES_AGGRESSIVE;
				CLANG_WARN_UNREACHABLE_CODE = YES;
				CLANG_WARN__DUPLICATE_METHOD_MATCH = YES;
				COPY_PHASE_STRIP = NO;
				DEBUG_INFORMATION_FORMAT = "dwarf-with-dsym";
				ENABLE_NS_ASSERTIONS = NO;
				ENABLE_STRICT_OBJC_MSGSEND = YES;
				GCC_C_LANGUAGE_STANDARD = gnu11;
				GCC_NO_COMMON_BLOCKS = YES;
				GCC_WARN_64_TO_32_BIT_CONVERSION = YES;
				GCC_WARN_ABOUT_RETURN_TYPE = YES_ERROR;
				GCC_WARN_UNDECLARED_SELECTOR = YES;
				GCC_WARN_UNINITIALIZED_AUTOS = YES_AGGRESSIVE;
				GCC_WARN_UNUSED_FUNCTION = YES;
				GCC_WARN_UNUSED_VARIABLE = YES;
				IPHONEOS_DEPLOYMENT_TARGET = 14.5;
				MTL_ENABLE_DEBUG_INFO = NO;
				MTL_FAST_MATH = YES;
				SDKROOT = iphoneos;
				SWIFT_COMPILATION_MODE = wholemodule;
				SWIFT_OPTIMIZATION_LEVEL = "-O";
				VALIDATE_PRODUCT = YES;
			};
			name = Release;
		};
		603149442687F6A600D7DD85 /* Debug */ = {
			isa = XCBuildConfiguration;
			baseConfigurationReference = F772BB0C60FD6BB4794AA739 /* Pods-MoMemory Photo Gallery Cleaner.debug.xcconfig */;
			buildSettings = {
				ASSETCATALOG_COMPILER_APPICON_NAME = AppIcon;
				ASSETCATALOG_COMPILER_GLOBAL_ACCENT_COLOR_NAME = AccentColor;
				CODE_SIGN_STYLE = Automatic;
				DEVELOPMENT_ASSET_PATHS = "\"MoMemory Photo Gallery Cleaner/Preview Content\"";
				DEVELOPMENT_TEAM = 8XTZ8HPJY7;
				ENABLE_PREVIEWS = YES;
				INFOPLIST_FILE = "MoMemory Photo Gallery Cleaner/Info.plist";
				IPHONEOS_DEPLOYMENT_TARGET = 14.0;
				LD_RUNPATH_SEARCH_PATHS = (
					"$(inherited)",
					"@executable_path/Frameworks",
				);
				PRODUCT_BUNDLE_IDENTIFIER = "SVNStudios.MoMemory-Cleaner";
				PRODUCT_NAME = "$(TARGET_NAME)";
				SWIFT_VERSION = 5.0;
				TARGETED_DEVICE_FAMILY = 1;
			};
			name = Debug;
		};
		603149452687F6A600D7DD85 /* Release */ = {
			isa = XCBuildConfiguration;
			baseConfigurationReference = 35967FC4D65D4C78674593AC /* Pods-MoMemory Photo Gallery Cleaner.release.xcconfig */;
			buildSettings = {
				ASSETCATALOG_COMPILER_APPICON_NAME = AppIcon;
				ASSETCATALOG_COMPILER_GLOBAL_ACCENT_COLOR_NAME = AccentColor;
				CODE_SIGN_STYLE = Automatic;
				DEVELOPMENT_ASSET_PATHS = "\"MoMemory Photo Gallery Cleaner/Preview Content\"";
				DEVELOPMENT_TEAM = 8XTZ8HPJY7;
				ENABLE_PREVIEWS = YES;
				INFOPLIST_FILE = "MoMemory Photo Gallery Cleaner/Info.plist";
				IPHONEOS_DEPLOYMENT_TARGET = 14.0;
				LD_RUNPATH_SEARCH_PATHS = (
					"$(inherited)",
					"@executable_path/Frameworks",
				);
				PRODUCT_BUNDLE_IDENTIFIER = "SVNStudios.MoMemory-Cleaner";
				PRODUCT_NAME = "$(TARGET_NAME)";
				SWIFT_VERSION = 5.0;
				TARGETED_DEVICE_FAMILY = 1;
			};
			name = Release;
		};
/* End XCBuildConfiguration section */

/* Begin XCConfigurationList section */
		6031492F2687F6A500D7DD85 /* Build configuration list for PBXProject "MoMemory Photo Gallery Cleaner" */ = {
			isa = XCConfigurationList;
			buildConfigurations = (
				603149412687F6A600D7DD85 /* Debug */,
				603149422687F6A600D7DD85 /* Release */,
			);
			defaultConfigurationIsVisible = 0;
			defaultConfigurationName = Release;
		};
		603149432687F6A600D7DD85 /* Build configuration list for PBXNativeTarget "MoMemory Photo Gallery Cleaner" */ = {
			isa = XCConfigurationList;
			buildConfigurations = (
				603149442687F6A600D7DD85 /* Debug */,
				603149452687F6A600D7DD85 /* Release */,
			);
			defaultConfigurationIsVisible = 0;
			defaultConfigurationName = Release;
		};
/* End XCConfigurationList section */
	};
	rootObject = 6031492C2687F6A500D7DD85 /* Project object */;
}
